// !$*UTF8*$!
{
	archiveVersion = 1;
	classes = {
	};
	objectVersion = 50;
	objects = {

/* Begin PBXBuildFile section */
		4840D198232DE04F00989A20 /* ColorFavsController.swift in Sources */ = {isa = PBXBuildFile; fileRef = 4840D197232DE04F00989A20 /* ColorFavsController.swift */; };
		4868DA0E232DC94C003FAE67 /* AppDelegate.swift in Sources */ = {isa = PBXBuildFile; fileRef = 4868DA0D232DC94C003FAE67 /* AppDelegate.swift */; };
		4868DA10232DC94C003FAE67 /* SceneDelegate.swift in Sources */ = {isa = PBXBuildFile; fileRef = 4868DA0F232DC94C003FAE67 /* SceneDelegate.swift */; };
		4868DA17232DC94D003FAE67 /* Assets.xcassets in Resources */ = {isa = PBXBuildFile; fileRef = 4868DA16232DC94D003FAE67 /* Assets.xcassets */; };
		4868DA1A232DC94D003FAE67 /* LaunchScreen.storyboard in Resources */ = {isa = PBXBuildFile; fileRef = 4868DA18232DC94D003FAE67 /* LaunchScreen.storyboard */; };
		4868DA22232DC9D2003FAE67 /* Main.storyboard in Resources */ = {isa = PBXBuildFile; fileRef = 4868DA21232DC9D2003FAE67 /* Main.storyboard */; };
		4868DA25232DCA3E003FAE67 /* Color.swift in Sources */ = {isa = PBXBuildFile; fileRef = 4868DA24232DCA3E003FAE67 /* Color.swift */; };
		4868DA27232DCA4B003FAE67 /* Fonts.swift in Sources */ = {isa = PBXBuildFile; fileRef = 4868DA26232DCA4B003FAE67 /* Fonts.swift */; };
		4868DA29232DCA50003FAE67 /* PropertyWrappers.swift in Sources */ = {isa = PBXBuildFile; fileRef = 4868DA28232DCA50003FAE67 /* PropertyWrappers.swift */; };
		4868DA2B232DCA56003FAE67 /* TextFieldHandler.swift in Sources */ = {isa = PBXBuildFile; fileRef = 4868DA2A232DCA56003FAE67 /* TextFieldHandler.swift */; };
		4868DA2E232DCA9D003FAE67 /* ColorView.swift in Sources */ = {isa = PBXBuildFile; fileRef = 4868DA2D232DCA9D003FAE67 /* ColorView.swift */; };
		4868DA30232DCAA2003FAE67 /* ColorController.swift in Sources */ = {isa = PBXBuildFile; fileRef = 4868DA2F232DCAA2003FAE67 /* ColorController.swift */; };
		4868DA33232DCAC2003FAE67 /* Combinable.swift in Sources */ = {isa = PBXBuildFile; fileRef = 4868DA32232DCAC2003FAE67 /* Combinable.swift */; };
		4868DA35232DCAC8003FAE67 /* CombinableExtensions.swift in Sources */ = {isa = PBXBuildFile; fileRef = 4868DA34232DCAC8003FAE67 /* CombinableExtensions.swift */; };
		4868DA37232DCD86003FAE67 /* AppMemory.swift in Sources */ = {isa = PBXBuildFile; fileRef = 4868DA36232DCD86003FAE67 /* AppMemory.swift */; };
		4868DA3B232DD0C1003FAE67 /* ColorSaveController.swift in Sources */ = {isa = PBXBuildFile; fileRef = 4868DA3A232DD0C1003FAE67 /* ColorSaveController.swift */; };
		4868DA3D232DD10B003FAE67 /* ColorEditController.swift in Sources */ = {isa = PBXBuildFile; fileRef = 4868DA3C232DD10B003FAE67 /* ColorEditController.swift */; };
		4868DA3F232DD43D003FAE67 /* FavColor.swift in Sources */ = {isa = PBXBuildFile; fileRef = 4868DA3E232DD43D003FAE67 /* FavColor.swift */; };
		4868DA42232DDACE003FAE67 /* ColorFavCell.swift in Sources */ = {isa = PBXBuildFile; fileRef = 4868DA41232DDACE003FAE67 /* ColorFavCell.swift */; };
		4868DA44232DDAD4003FAE67 /* ColorFavCell.xib in Resources */ = {isa = PBXBuildFile; fileRef = 4868DA43232DDAD4003FAE67 /* ColorFavCell.xib */; };
/* End PBXBuildFile section */

/* Begin PBXFileReference section */
		4840D197232DE04F00989A20 /* ColorFavsController.swift */ = {isa = PBXFileReference; fileEncoding = 4; lastKnownFileType = sourcecode.swift; path = ColorFavsController.swift; sourceTree = "<group>"; };
		4868DA0A232DC94C003FAE67 /* DiffableColors.app */ = {isa = PBXFileReference; explicitFileType = wrapper.application; includeInIndex = 0; path = DiffableColors.app; sourceTree = BUILT_PRODUCTS_DIR; };
		4868DA0D232DC94C003FAE67 /* AppDelegate.swift */ = {isa = PBXFileReference; lastKnownFileType = sourcecode.swift; path = AppDelegate.swift; sourceTree = "<group>"; };
		4868DA0F232DC94C003FAE67 /* SceneDelegate.swift */ = {isa = PBXFileReference; lastKnownFileType = sourcecode.swift; path = SceneDelegate.swift; sourceTree = "<group>"; };
		4868DA16232DC94D003FAE67 /* Assets.xcassets */ = {isa = PBXFileReference; lastKnownFileType = folder.assetcatalog; path = Assets.xcassets; sourceTree = "<group>"; };
		4868DA19232DC94D003FAE67 /* Base */ = {isa = PBXFileReference; lastKnownFileType = file.storyboard; name = Base; path = Base.lproj/LaunchScreen.storyboard; sourceTree = "<group>"; };
		4868DA1B232DC94D003FAE67 /* Info.plist */ = {isa = PBXFileReference; lastKnownFileType = text.plist.xml; path = Info.plist; sourceTree = "<group>"; };
		4868DA21232DC9D2003FAE67 /* Main.storyboard */ = {isa = PBXFileReference; fileEncoding = 4; lastKnownFileType = file.storyboard; path = Main.storyboard; sourceTree = "<group>"; };
		4868DA24232DCA3E003FAE67 /* Color.swift */ = {isa = PBXFileReference; fileEncoding = 4; lastKnownFileType = sourcecode.swift; path = Color.swift; sourceTree = "<group>"; };
		4868DA26232DCA4B003FAE67 /* Fonts.swift */ = {isa = PBXFileReference; fileEncoding = 4; lastKnownFileType = sourcecode.swift; path = Fonts.swift; sourceTree = "<group>"; };
		4868DA28232DCA50003FAE67 /* PropertyWrappers.swift */ = {isa = PBXFileReference; fileEncoding = 4; lastKnownFileType = sourcecode.swift; path = PropertyWrappers.swift; sourceTree = "<group>"; };
		4868DA2A232DCA56003FAE67 /* TextFieldHandler.swift */ = {isa = PBXFileReference; fileEncoding = 4; lastKnownFileType = sourcecode.swift; path = TextFieldHandler.swift; sourceTree = "<group>"; };
		4868DA2D232DCA9D003FAE67 /* ColorView.swift */ = {isa = PBXFileReference; fileEncoding = 4; lastKnownFileType = sourcecode.swift; path = ColorView.swift; sourceTree = "<group>"; };
		4868DA2F232DCAA2003FAE67 /* ColorController.swift */ = {isa = PBXFileReference; fileEncoding = 4; lastKnownFileType = sourcecode.swift; path = ColorController.swift; sourceTree = "<group>"; };
		4868DA32232DCAC2003FAE67 /* Combinable.swift */ = {isa = PBXFileReference; fileEncoding = 4; lastKnownFileType = sourcecode.swift; path = Combinable.swift; sourceTree = "<group>"; };
		4868DA34232DCAC8003FAE67 /* CombinableExtensions.swift */ = {isa = PBXFileReference; fileEncoding = 4; lastKnownFileType = sourcecode.swift; path = CombinableExtensions.swift; sourceTree = "<group>"; };
		4868DA36232DCD86003FAE67 /* AppMemory.swift */ = {isa = PBXFileReference; lastKnownFileType = sourcecode.swift; path = AppMemory.swift; sourceTree = "<group>"; };
		4868DA3A232DD0C1003FAE67 /* ColorSaveController.swift */ = {isa = PBXFileReference; lastKnownFileType = sourcecode.swift; path = ColorSaveController.swift; sourceTree = "<group>"; };
		4868DA3C232DD10B003FAE67 /* ColorEditController.swift */ = {isa = PBXFileReference; lastKnownFileType = sourcecode.swift; path = ColorEditController.swift; sourceTree = "<group>"; };
		4868DA3E232DD43D003FAE67 /* FavColor.swift */ = {isa = PBXFileReference; lastKnownFileType = sourcecode.swift; path = FavColor.swift; sourceTree = "<group>"; };
		4868DA41232DDACE003FAE67 /* ColorFavCell.swift */ = {isa = PBXFileReference; fileEncoding = 4; lastKnownFileType = sourcecode.swift; path = ColorFavCell.swift; sourceTree = "<group>"; };
		4868DA43232DDAD4003FAE67 /* ColorFavCell.xib */ = {isa = PBXFileReference; fileEncoding = 4; lastKnownFileType = file.xib; path = ColorFavCell.xib; sourceTree = "<group>"; };
/* End PBXFileReference section */

/* Begin PBXFrameworksBuildPhase section */
		4868DA07232DC94C003FAE67 /* Frameworks */ = {
			isa = PBXFrameworksBuildPhase;
			buildActionMask = 2147483647;
			files = (
			);
			runOnlyForDeploymentPostprocessing = 0;
		};
/* End PBXFrameworksBuildPhase section */

/* Begin PBXGroup section */
		4840D199232DE05C00989A20 /* Views */ = {
			isa = PBXGroup;
			children = (
				4868DA40232DDAB7003FAE67 /* ColorFavCell */,
				4868DA2D232DCA9D003FAE67 /* ColorView.swift */,
			);
			path = Views;
			sourceTree = "<group>";
		};
		4868DA01232DC94C003FAE67 = {
			isa = PBXGroup;
			children = (
				4868DA0C232DC94C003FAE67 /* DiffableColors */,
				4868DA0B232DC94C003FAE67 /* Products */,
			);
			sourceTree = "<group>";
		};
		4868DA0B232DC94C003FAE67 /* Products */ = {
			isa = PBXGroup;
			children = (
				4868DA0A232DC94C003FAE67 /* DiffableColors.app */,
			);
			name = Products;
			sourceTree = "<group>";
		};
		4868DA0C232DC94C003FAE67 /* DiffableColors */ = {
			isa = PBXGroup;
			children = (
				4868DA0D232DC94C003FAE67 /* AppDelegate.swift */,
				4868DA0F232DC94C003FAE67 /* SceneDelegate.swift */,
				4868DA23232DCA1A003FAE67 /* SupportingFiles */,
				4840D199232DE05C00989A20 /* Views */,
				4868DA2C232DCA85003FAE67 /* Controllers */,
				4868DA31232DCAAA003FAE67 /* Combinable */,
				4868DA21232DC9D2003FAE67 /* Main.storyboard */,
				4868DA16232DC94D003FAE67 /* Assets.xcassets */,
				4868DA18232DC94D003FAE67 /* LaunchScreen.storyboard */,
				4868DA1B232DC94D003FAE67 /* Info.plist */,
			);
			path = DiffableColors;
			sourceTree = "<group>";
		};
		4868DA23232DCA1A003FAE67 /* SupportingFiles */ = {
			isa = PBXGroup;
			children = (
				4868DA3E232DD43D003FAE67 /* FavColor.swift */,
				4868DA24232DCA3E003FAE67 /* Color.swift */,
				4868DA26232DCA4B003FAE67 /* Fonts.swift */,
				4868DA28232DCA50003FAE67 /* PropertyWrappers.swift */,
				4868DA2A232DCA56003FAE67 /* TextFieldHandler.swift */,
				4868DA36232DCD86003FAE67 /* AppMemory.swift */,
			);
			path = SupportingFiles;
			sourceTree = "<group>";
		};
		4868DA2C232DCA85003FAE67 /* Controllers */ = {
			isa = PBXGroup;
			children = (
				4840D197232DE04F00989A20 /* ColorFavsController.swift */,
				4868DA2F232DCAA2003FAE67 /* ColorController.swift */,
				4868DA3A232DD0C1003FAE67 /* ColorSaveController.swift */,
				4868DA3C232DD10B003FAE67 /* ColorEditController.swift */,
			);
			path = Controllers;
			sourceTree = "<group>";
		};
		4868DA31232DCAAA003FAE67 /* Combinable */ = {
			isa = PBXGroup;
			children = (
				4868DA32232DCAC2003FAE67 /* Combinable.swift */,
				4868DA34232DCAC8003FAE67 /* CombinableExtensions.swift */,
			);
			path = Combinable;
			sourceTree = "<group>";
		};
		4868DA40232DDAB7003FAE67 /* ColorFavCell */ = {
			isa = PBXGroup;
			children = (
				4868DA41232DDACE003FAE67 /* ColorFavCell.swift */,
				4868DA43232DDAD4003FAE67 /* ColorFavCell.xib */,
			);
			path = ColorFavCell;
			sourceTree = "<group>";
		};
/* End PBXGroup section */

/* Begin PBXNativeTarget section */
		4868DA09232DC94C003FAE67 /* DiffableColors */ = {
			isa = PBXNativeTarget;
			buildConfigurationList = 4868DA1E232DC94D003FAE67 /* Build configuration list for PBXNativeTarget "DiffableColors" */;
			buildPhases = (
				4868DA06232DC94C003FAE67 /* Sources */,
				4868DA07232DC94C003FAE67 /* Frameworks */,
				4868DA08232DC94C003FAE67 /* Resources */,
			);
			buildRules = (
			);
			dependencies = (
			);
			name = DiffableColors;
			productName = DiffableColors;
			productReference = 4868DA0A232DC94C003FAE67 /* DiffableColors.app */;
			productType = "com.apple.product-type.application";
		};
/* End PBXNativeTarget section */

/* Begin PBXProject section */
		4868DA02232DC94C003FAE67 /* Project object */ = {
			isa = PBXProject;
			attributes = {
				LastSwiftUpdateCheck = 1100;
				LastUpgradeCheck = 1100;
				ORGANIZATIONNAME = "Stephen Martinez";
				TargetAttributes = {
					4868DA09232DC94C003FAE67 = {
						CreatedOnToolsVersion = 11.0;
					};
				};
			};
			buildConfigurationList = 4868DA05232DC94C003FAE67 /* Build configuration list for PBXProject "DiffableColors" */;
			compatibilityVersion = "Xcode 9.3";
			developmentRegion = en;
			hasScannedForEncodings = 0;
			knownRegions = (
				en,
				Base,
			);
			mainGroup = 4868DA01232DC94C003FAE67;
			productRefGroup = 4868DA0B232DC94C003FAE67 /* Products */;
			projectDirPath = "";
			projectRoot = "";
			targets = (
				4868DA09232DC94C003FAE67 /* DiffableColors */,
			);
		};
/* End PBXProject section */

/* Begin PBXResourcesBuildPhase section */
		4868DA08232DC94C003FAE67 /* Resources */ = {
			isa = PBXResourcesBuildPhase;
			buildActionMask = 2147483647;
			files = (
				4868DA22232DC9D2003FAE67 /* Main.storyboard in Resources */,
				4868DA44232DDAD4003FAE67 /* ColorFavCell.xib in Resources */,
				4868DA1A232DC94D003FAE67 /* LaunchScreen.storyboard in Resources */,
				4868DA17232DC94D003FAE67 /* Assets.xcassets in Resources */,
			);
			runOnlyForDeploymentPostprocessing = 0;
		};
/* End PBXResourcesBuildPhase section */

/* Begin PBXSourcesBuildPhase section */
		4868DA06232DC94C003FAE67 /* Sources */ = {
			isa = PBXSourcesBuildPhase;
			buildActionMask = 2147483647;
			files = (
				4868DA29232DCA50003FAE67 /* PropertyWrappers.swift in Sources */,
				4868DA2B232DCA56003FAE67 /* TextFieldHandler.swift in Sources */,
				4868DA2E232DCA9D003FAE67 /* ColorView.swift in Sources */,
				4868DA35232DCAC8003FAE67 /* CombinableExtensions.swift in Sources */,
				4868DA3B232DD0C1003FAE67 /* ColorSaveController.swift in Sources */,
				4868DA30232DCAA2003FAE67 /* ColorController.swift in Sources */,
				4868DA3F232DD43D003FAE67 /* FavColor.swift in Sources */,
				4868DA27232DCA4B003FAE67 /* Fonts.swift in Sources */,
				4868DA42232DDACE003FAE67 /* ColorFavCell.swift in Sources */,
				4868DA25232DCA3E003FAE67 /* Color.swift in Sources */,
				4868DA37232DCD86003FAE67 /* AppMemory.swift in Sources */,
				4868DA0E232DC94C003FAE67 /* AppDelegate.swift in Sources */,
				4868DA10232DC94C003FAE67 /* SceneDelegate.swift in Sources */,
				4840D198232DE04F00989A20 /* ColorFavsController.swift in Sources */,
				4868DA33232DCAC2003FAE67 /* Combinable.swift in Sources */,
				4868DA3D232DD10B003FAE67 /* ColorEditController.swift in Sources */,
			);
			runOnlyForDeploymentPostprocessing = 0;
		};
/* End PBXSourcesBuildPhase section */

/* Begin PBXVariantGroup section */
		4868DA18232DC94D003FAE67 /* LaunchScreen.storyboard */ = {
			isa = PBXVariantGroup;
			children = (
				4868DA19232DC94D003FAE67 /* Base */,
			);
			name = LaunchScreen.storyboard;
			sourceTree = "<group>";
		};
/* End PBXVariantGroup section */

/* Begin XCBuildConfiguration section */
		4868DA1C232DC94D003FAE67 /* Debug */ = {
			isa = XCBuildConfiguration;
			buildSettings = {
				ALWAYS_SEARCH_USER_PATHS = NO;
				CLANG_ANALYZER_NONNULL = YES;
				CLANG_ANALYZER_NUMBER_OBJECT_CONVERSION = YES_AGGRESSIVE;
				CLANG_CXX_LANGUAGE_STANDARD = "gnu++14";
				CLANG_CXX_LIBRARY = "libc++";
				CLANG_ENABLE_MODULES = YES;
				CLANG_ENABLE_OBJC_ARC = YES;
				CLANG_ENABLE_OBJC_WEAK = YES;
				CLANG_WARN_BLOCK_CAPTURE_AUTORELEASING = YES;
				CLANG_WARN_BOOL_CONVERSION = YES;
				CLANG_WARN_COMMA = YES;
				CLANG_WARN_CONSTANT_CONVERSION = YES;
				CLANG_WARN_DEPRECATED_OBJC_IMPLEMENTATIONS = YES;
				CLANG_WARN_DIRECT_OBJC_ISA_USAGE = YES_ERROR;
				CLANG_WARN_DOCUMENTATION_COMMENTS = YES;
				CLANG_WARN_EMPTY_BODY = YES;
				CLANG_WARN_ENUM_CONVERSION = YES;
				CLANG_WARN_INFINITE_RECURSION = YES;
				CLANG_WARN_INT_CONVERSION = YES;
				CLANG_WARN_NON_LITERAL_NULL_CONVERSION = YES;
				CLANG_WARN_OBJC_IMPLICIT_RETAIN_SELF = YES;
				CLANG_WARN_OBJC_LITERAL_CONVERSION = YES;
				CLANG_WARN_OBJC_ROOT_CLASS = YES_ERROR;
				CLANG_WARN_RANGE_LOOP_ANALYSIS = YES;
				CLANG_WARN_STRICT_PROTOTYPES = YES;
				CLANG_WARN_SUSPICIOUS_MOVE = YES;
				CLANG_WARN_UNGUARDED_AVAILABILITY = YES_AGGRESSIVE;
				CLANG_WARN_UNREACHABLE_CODE = YES;
				CLANG_WARN__DUPLICATE_METHOD_MATCH = YES;
				COPY_PHASE_STRIP = NO;
				DEBUG_INFORMATION_FORMAT = dwarf;
				ENABLE_STRICT_OBJC_MSGSEND = YES;
				ENABLE_TESTABILITY = YES;
				GCC_C_LANGUAGE_STANDARD = gnu11;
				GCC_DYNAMIC_NO_PIC = NO;
				GCC_NO_COMMON_BLOCKS = YES;
				GCC_OPTIMIZATION_LEVEL = 0;
				GCC_PREPROCESSOR_DEFINITIONS = (
					"DEBUG=1",
					"$(inherited)",
				);
				GCC_WARN_64_TO_32_BIT_CONVERSION = YES;
				GCC_WARN_ABOUT_RETURN_TYPE = YES_ERROR;
				GCC_WARN_UNDECLARED_SELECTOR = YES;
				GCC_WARN_UNINITIALIZED_AUTOS = YES_AGGRESSIVE;
				GCC_WARN_UNUSED_FUNCTION = YES;
				GCC_WARN_UNUSED_VARIABLE = YES;
				IPHONEOS_DEPLOYMENT_TARGET = 13.0;
				MTL_ENABLE_DEBUG_INFO = INCLUDE_SOURCE;
				MTL_FAST_MATH = YES;
				ONLY_ACTIVE_ARCH = YES;
				SDKROOT = iphoneos;
				SWIFT_ACTIVE_COMPILATION_CONDITIONS = DEBUG;
				SWIFT_OPTIMIZATION_LEVEL = "-Onone";
			};
			name = Debug;
		};
		4868DA1D232DC94D003FAE67 /* Release */ = {
			isa = XCBuildConfiguration;
			buildSettings = {
				ALWAYS_SEARCH_USER_PATHS = NO;
				CLANG_ANALYZER_NONNULL = YES;
				CLANG_ANALYZER_NUMBER_OBJECT_CONVERSION = YES_AGGRESSIVE;
				CLANG_CXX_LANGUAGE_STANDARD = "gnu++14";
				CLANG_CXX_LIBRARY = "libc++";
				CLANG_ENABLE_MODULES = YES;
				CLANG_ENABLE_OBJC_ARC = YES;
				CLANG_ENABLE_OBJC_WEAK = YES;
				CLANG_WARN_BLOCK_CAPTURE_AUTORELEASING = YES;
				CLANG_WARN_BOOL_CONVERSION = YES;
				CLANG_WARN_COMMA = YES;
				CLANG_WARN_CONSTANT_CONVERSION = YES;
				CLANG_WARN_DEPRECATED_OBJC_IMPLEMENTATIONS = YES;
				CLANG_WARN_DIRECT_OBJC_ISA_USAGE = YES_ERROR;
				CLANG_WARN_DOCUMENTATION_COMMENTS = YES;
				CLANG_WARN_EMPTY_BODY = YES;
				CLANG_WARN_ENUM_CONVERSION = YES;
				CLANG_WARN_INFINITE_RECURSION = YES;
				CLANG_WARN_INT_CONVERSION = YES;
				CLANG_WARN_NON_LITERAL_NULL_CONVERSION = YES;
				CLANG_WARN_OBJC_IMPLICIT_RETAIN_SELF = YES;
				CLANG_WARN_OBJC_LITERAL_CONVERSION = YES;
				CLANG_WARN_OBJC_ROOT_CLASS = YES_ERROR;
				CLANG_WARN_RANGE_LOOP_ANALYSIS = YES;
				CLANG_WARN_STRICT_PROTOTYPES = YES;
				CLANG_WARN_SUSPICIOUS_MOVE = YES;
				CLANG_WARN_UNGUARDED_AVAILABILITY = YES_AGGRESSIVE;
				CLANG_WARN_UNREACHABLE_CODE = YES;
				CLANG_WARN__DUPLICATE_METHOD_MATCH = YES;
				COPY_PHASE_STRIP = NO;
				DEBUG_INFORMATION_FORMAT = "dwarf-with-dsym";
				ENABLE_NS_ASSERTIONS = NO;
				ENABLE_STRICT_OBJC_MSGSEND = YES;
				GCC_C_LANGUAGE_STANDARD = gnu11;
				GCC_NO_COMMON_BLOCKS = YES;
				GCC_WARN_64_TO_32_BIT_CONVERSION = YES;
				GCC_WARN_ABOUT_RETURN_TYPE = YES_ERROR;
				GCC_WARN_UNDECLARED_SELECTOR = YES;
				GCC_WARN_UNINITIALIZED_AUTOS = YES_AGGRESSIVE;
				GCC_WARN_UNUSED_FUNCTION = YES;
				GCC_WARN_UNUSED_VARIABLE = YES;
				IPHONEOS_DEPLOYMENT_TARGET = 13.0;
				MTL_ENABLE_DEBUG_INFO = NO;
				MTL_FAST_MATH = YES;
				SDKROOT = iphoneos;
				SWIFT_COMPILATION_MODE = wholemodule;
				SWIFT_OPTIMIZATION_LEVEL = "-O";
				VALIDATE_PRODUCT = YES;
			};
			name = Release;
		};
		4868DA1F232DC94D003FAE67 /* Debug */ = {
			isa = XCBuildConfiguration;
			buildSettings = {
				ASSETCATALOG_COMPILER_APPICON_NAME = AppIcon;
				CODE_SIGN_STYLE = Automatic;
				DEVELOPMENT_TEAM = P6Y8F6EN66;
				INFOPLIST_FILE = DiffableColors/Info.plist;
				LD_RUNPATH_SEARCH_PATHS = (
					"$(inherited)",
					"@executable_path/Frameworks",
				);
				PRODUCT_BUNDLE_IDENTIFIER = enuance.DiffableColors;
				PRODUCT_NAME = "$(TARGET_NAME)";
				SWIFT_VERSION = 5.0;
				TARGETED_DEVICE_FAMILY = "1,2";
			};
			name = Debug;
		};
		4868DA20232DC94D003FAE67 /* Release */ = {
			isa = XCBuildConfiguration;
			buildSettings = {
				ASSETCATALOG_COMPILER_APPICON_NAME = AppIcon;
				CODE_SIGN_STYLE = Automatic;
				DEVELOPMENT_TEAM = P6Y8F6EN66;
				INFOPLIST_FILE = DiffableColors/Info.plist;
				LD_RUNPATH_SEARCH_PATHS = (
					"$(inherited)",
					"@executable_path/Frameworks",
				);
				PRODUCT_BUNDLE_IDENTIFIER = enuance.DiffableColors;
				PRODUCT_NAME = "$(TARGET_NAME)";
				SWIFT_VERSION = 5.0;
				TARGETED_DEVICE_FAMILY = "1,2";
			};
			name = Release;
		};
/* End XCBuildConfiguration section */

/* Begin XCConfigurationList section */
		4868DA05232DC94C003FAE67 /* Build configuration list for PBXProject "DiffableColors" */ = {
			isa = XCConfigurationList;
			buildConfigurations = (
				4868DA1C232DC94D003FAE67 /* Debug */,
				4868DA1D232DC94D003FAE67 /* Release */,
			);
			defaultConfigurationIsVisible = 0;
			defaultConfigurationName = Release;
		};
		4868DA1E232DC94D003FAE67 /* Build configuration list for PBXNativeTarget "DiffableColors" */ = {
			isa = XCConfigurationList;
			buildConfigurations = (
				4868DA1F232DC94D003FAE67 /* Debug */,
				4868DA20232DC94D003FAE67 /* Release */,
			);
			defaultConfigurationIsVisible = 0;
			defaultConfigurationName = Release;
		};
/* End XCConfigurationList section */
	};
	rootObject = 4868DA02232DC94C003FAE67 /* Project object */;
}
